// !$*UTF8*$!
{
	archiveVersion = 1;
	classes = {
	};
	objectVersion = 46;
	objects = {

/* Begin PBXBuildFile section */
		46A8099C1E5230F30028766D /* WebViewController.swift in Sources */ = {isa = PBXBuildFile; fileRef = 46A8099B1E5230F30028766D /* WebViewController.swift */; };
		4721B2301E521AF0007D89E4 /* WebKit.framework in Frameworks */ = {isa = PBXBuildFile; fileRef = 4721B22F1E521AF0007D89E4 /* WebKit.framework */; };
		4725CD221E3953F5002E71C4 /* AppDelegate.swift in Sources */ = {isa = PBXBuildFile; fileRef = 4725CD211E3953F5002E71C4 /* AppDelegate.swift */; };
		4725CD271E3953F5002E71C4 /* Main.storyboard in Resources */ = {isa = PBXBuildFile; fileRef = 4725CD251E3953F5002E71C4 /* Main.storyboard */; };
		4725CD291E3953F5002E71C4 /* Assets.xcassets in Resources */ = {isa = PBXBuildFile; fileRef = 4725CD281E3953F5002E71C4 /* Assets.xcassets */; };
		4725CD2C1E3953F5002E71C4 /* LaunchScreen.storyboard in Resources */ = {isa = PBXBuildFile; fileRef = 4725CD2A1E3953F5002E71C4 /* LaunchScreen.storyboard */; };
		4725CD371E3953F5002E71C4 /* WorldTrotterTests.swift in Sources */ = {isa = PBXBuildFile; fileRef = 4725CD361E3953F5002E71C4 /* WorldTrotterTests.swift */; };
		4725CD421E3953F5002E71C4 /* WorldTrotterUITests.swift in Sources */ = {isa = PBXBuildFile; fileRef = 4725CD411E3953F5002E71C4 /* WorldTrotterUITests.swift */; };
		4725CD501E39851C002E71C4 /* ConversionViewController.swift in Sources */ = {isa = PBXBuildFile; fileRef = 4725CD4F1E39851C002E71C4 /* ConversionViewController.swift */; };
		475133681E4B7DC9006CF47A /* MapKit.framework in Frameworks */ = {isa = PBXBuildFile; fileRef = 475133671E4B7DC9006CF47A /* MapKit.framework */; };
		4751336A1E4B82C7006CF47A /* MapViewController.swift in Sources */ = {isa = PBXBuildFile; fileRef = 475133691E4B82C7006CF47A /* MapViewController.swift */; };
/* End PBXBuildFile section */

/* Begin PBXContainerItemProxy section */
		4725CD331E3953F5002E71C4 /* PBXContainerItemProxy */ = {
			isa = PBXContainerItemProxy;
			containerPortal = 4725CD161E3953F4002E71C4 /* Project object */;
			proxyType = 1;
			remoteGlobalIDString = 4725CD1D1E3953F4002E71C4;
			remoteInfo = WorldTrotter;
		};
		4725CD3E1E3953F5002E71C4 /* PBXContainerItemProxy */ = {
			isa = PBXContainerItemProxy;
			containerPortal = 4725CD161E3953F4002E71C4 /* Project object */;
			proxyType = 1;
			remoteGlobalIDString = 4725CD1D1E3953F4002E71C4;
			remoteInfo = WorldTrotter;
		};
/* End PBXContainerItemProxy section */

/* Begin PBXFileReference section */
		46A8099B1E5230F30028766D /* WebViewController.swift */ = {isa = PBXFileReference; fileEncoding = 4; lastKnownFileType = sourcecode.swift; path = WebViewController.swift; sourceTree = "<group>"; };
		4721B22F1E521AF0007D89E4 /* WebKit.framework */ = {isa = PBXFileReference; lastKnownFileType = wrapper.framework; name = WebKit.framework; path = System/Library/Frameworks/WebKit.framework; sourceTree = SDKROOT; };
		4725CD1E1E3953F5002E71C4 /* WorldTrotter.app */ = {isa = PBXFileReference; explicitFileType = wrapper.application; includeInIndex = 0; path = WorldTrotter.app; sourceTree = BUILT_PRODUCTS_DIR; };
		4725CD211E3953F5002E71C4 /* AppDelegate.swift */ = {isa = PBXFileReference; lastKnownFileType = sourcecode.swift; path = AppDelegate.swift; sourceTree = "<group>"; };
		4725CD261E3953F5002E71C4 /* Base */ = {isa = PBXFileReference; lastKnownFileType = file.storyboard; name = Base; path = Base.lproj/Main.storyboard; sourceTree = "<group>"; };
		4725CD281E3953F5002E71C4 /* Assets.xcassets */ = {isa = PBXFileReference; lastKnownFileType = folder.assetcatalog; path = Assets.xcassets; sourceTree = "<group>"; };
		4725CD2B1E3953F5002E71C4 /* Base */ = {isa = PBXFileReference; lastKnownFileType = file.storyboard; name = Base; path = Base.lproj/LaunchScreen.storyboard; sourceTree = "<group>"; };
		4725CD2D1E3953F5002E71C4 /* Info.plist */ = {isa = PBXFileReference; lastKnownFileType = text.plist.xml; path = Info.plist; sourceTree = "<group>"; };
		4725CD321E3953F5002E71C4 /* WorldTrotterTests.xctest */ = {isa = PBXFileReference; explicitFileType = wrapper.cfbundle; includeInIndex = 0; path = WorldTrotterTests.xctest; sourceTree = BUILT_PRODUCTS_DIR; };
		4725CD361E3953F5002E71C4 /* WorldTrotterTests.swift */ = {isa = PBXFileReference; lastKnownFileType = sourcecode.swift; path = WorldTrotterTests.swift; sourceTree = "<group>"; };
		4725CD381E3953F5002E71C4 /* Info.plist */ = {isa = PBXFileReference; lastKnownFileType = text.plist.xml; path = Info.plist; sourceTree = "<group>"; };
		4725CD3D1E3953F5002E71C4 /* WorldTrotterUITests.xctest */ = {isa = PBXFileReference; explicitFileType = wrapper.cfbundle; includeInIndex = 0; path = WorldTrotterUITests.xctest; sourceTree = BUILT_PRODUCTS_DIR; };
		4725CD411E3953F5002E71C4 /* WorldTrotterUITests.swift */ = {isa = PBXFileReference; lastKnownFileType = sourcecode.swift; path = WorldTrotterUITests.swift; sourceTree = "<group>"; };
		4725CD431E3953F5002E71C4 /* Info.plist */ = {isa = PBXFileReference; lastKnownFileType = text.plist.xml; path = Info.plist; sourceTree = "<group>"; };
		4725CD4F1E39851C002E71C4 /* ConversionViewController.swift */ = {isa = PBXFileReference; fileEncoding = 4; lastKnownFileType = sourcecode.swift; name = ConversionViewController.swift; path = ../ConversionViewController.swift; sourceTree = "<group>"; };
		473ADC541E63B17D00E0AC7B /* en */ = {isa = PBXFileReference; lastKnownFileType = text.plist.strings; name = en; path = en.lproj/Main.strings; sourceTree = "<group>"; };
		475133671E4B7DC9006CF47A /* MapKit.framework */ = {isa = PBXFileReference; lastKnownFileType = wrapper.framework; name = MapKit.framework; path = System/Library/Frameworks/MapKit.framework; sourceTree = SDKROOT; };
		475133691E4B82C7006CF47A /* MapViewController.swift */ = {isa = PBXFileReference; fileEncoding = 4; lastKnownFileType = sourcecode.swift; path = MapViewController.swift; sourceTree = "<group>"; };
/* End PBXFileReference section */

/* Begin PBXFrameworksBuildPhase section */
		4725CD1B1E3953F4002E71C4 /* Frameworks */ = {
			isa = PBXFrameworksBuildPhase;
			buildActionMask = 2147483647;
			files = (
				4721B2301E521AF0007D89E4 /* WebKit.framework in Frameworks */,
				475133681E4B7DC9006CF47A /* MapKit.framework in Frameworks */,
			);
			runOnlyForDeploymentPostprocessing = 0;
		};
		4725CD2F1E3953F5002E71C4 /* Frameworks */ = {
			isa = PBXFrameworksBuildPhase;
			buildActionMask = 2147483647;
			files = (
			);
			runOnlyForDeploymentPostprocessing = 0;
		};
		4725CD3A1E3953F5002E71C4 /* Frameworks */ = {
			isa = PBXFrameworksBuildPhase;
			buildActionMask = 2147483647;
			files = (
			);
			runOnlyForDeploymentPostprocessing = 0;
		};
/* End PBXFrameworksBuildPhase section */

/* Begin PBXGroup section */
		4725CD151E3953F4002E71C4 = {
			isa = PBXGroup;
			children = (
				4725CD201E3953F5002E71C4 /* WorldTrotter */,
				4725CD351E3953F5002E71C4 /* WorldTrotterTests */,
				4725CD401E3953F5002E71C4 /* WorldTrotterUITests */,
				4725CD1F1E3953F5002E71C4 /* Products */,
				475133661E4B7DC9006CF47A /* Frameworks */,
			);
			sourceTree = "<group>";
		};
		4725CD1F1E3953F5002E71C4 /* Products */ = {
			isa = PBXGroup;
			children = (
				4725CD1E1E3953F5002E71C4 /* WorldTrotter.app */,
				4725CD321E3953F5002E71C4 /* WorldTrotterTests.xctest */,
				4725CD3D1E3953F5002E71C4 /* WorldTrotterUITests.xctest */,
			);
			name = Products;
			sourceTree = "<group>";
		};
		4725CD201E3953F5002E71C4 /* WorldTrotter */ = {
			isa = PBXGroup;
			children = (
				4725CD4F1E39851C002E71C4 /* ConversionViewController.swift */,
				4725CD211E3953F5002E71C4 /* AppDelegate.swift */,
				4725CD251E3953F5002E71C4 /* Main.storyboard */,
				475133691E4B82C7006CF47A /* MapViewController.swift */,
				4725CD281E3953F5002E71C4 /* Assets.xcassets */,
				4725CD2A1E3953F5002E71C4 /* LaunchScreen.storyboard */,
				4725CD2D1E3953F5002E71C4 /* Info.plist */,
				46A8099B1E5230F30028766D /* WebViewController.swift */,
			);
			path = WorldTrotter;
			sourceTree = "<group>";
		};
		4725CD351E3953F5002E71C4 /* WorldTrotterTests */ = {
			isa = PBXGroup;
			children = (
				4725CD361E3953F5002E71C4 /* WorldTrotterTests.swift */,
				4725CD381E3953F5002E71C4 /* Info.plist */,
			);
			path = WorldTrotterTests;
			sourceTree = "<group>";
		};
		4725CD401E3953F5002E71C4 /* WorldTrotterUITests */ = {
			isa = PBXGroup;
			children = (
				4725CD411E3953F5002E71C4 /* WorldTrotterUITests.swift */,
				4725CD431E3953F5002E71C4 /* Info.plist */,
			);
			path = WorldTrotterUITests;
			sourceTree = "<group>";
		};
		475133661E4B7DC9006CF47A /* Frameworks */ = {
			isa = PBXGroup;
			children = (
				4721B22F1E521AF0007D89E4 /* WebKit.framework */,
				475133671E4B7DC9006CF47A /* MapKit.framework */,
			);
			name = Frameworks;
			sourceTree = "<group>";
		};
/* End PBXGroup section */

/* Begin PBXNativeTarget section */
		4725CD1D1E3953F4002E71C4 /* WorldTrotter */ = {
			isa = PBXNativeTarget;
			buildConfigurationList = 4725CD461E3953F5002E71C4 /* Build configuration list for PBXNativeTarget "WorldTrotter" */;
			buildPhases = (
				4725CD1A1E3953F4002E71C4 /* Sources */,
				4725CD1B1E3953F4002E71C4 /* Frameworks */,
				4725CD1C1E3953F4002E71C4 /* Resources */,
			);
			buildRules = (
			);
			dependencies = (
			);
			name = WorldTrotter;
			productName = WorldTrotter;
			productReference = 4725CD1E1E3953F5002E71C4 /* WorldTrotter.app */;
			productType = "com.apple.product-type.application";
		};
		4725CD311E3953F5002E71C4 /* WorldTrotterTests */ = {
			isa = PBXNativeTarget;
			buildConfigurationList = 4725CD491E3953F5002E71C4 /* Build configuration list for PBXNativeTarget "WorldTrotterTests" */;
			buildPhases = (
				4725CD2E1E3953F5002E71C4 /* Sources */,
				4725CD2F1E3953F5002E71C4 /* Frameworks */,
				4725CD301E3953F5002E71C4 /* Resources */,
			);
			buildRules = (
			);
			dependencies = (
				4725CD341E3953F5002E71C4 /* PBXTargetDependency */,
			);
			name = WorldTrotterTests;
			productName = WorldTrotterTests;
			productReference = 4725CD321E3953F5002E71C4 /* WorldTrotterTests.xctest */;
			productType = "com.apple.product-type.bundle.unit-test";
		};
		4725CD3C1E3953F5002E71C4 /* WorldTrotterUITests */ = {
			isa = PBXNativeTarget;
			buildConfigurationList = 4725CD4C1E3953F5002E71C4 /* Build configuration list for PBXNativeTarget "WorldTrotterUITests" */;
			buildPhases = (
				4725CD391E3953F5002E71C4 /* Sources */,
				4725CD3A1E3953F5002E71C4 /* Frameworks */,
				4725CD3B1E3953F5002E71C4 /* Resources */,
			);
			buildRules = (
			);
			dependencies = (
				4725CD3F1E3953F5002E71C4 /* PBXTargetDependency */,
			);
			name = WorldTrotterUITests;
			productName = WorldTrotterUITests;
			productReference = 4725CD3D1E3953F5002E71C4 /* WorldTrotterUITests.xctest */;
			productType = "com.apple.product-type.bundle.ui-testing";
		};
/* End PBXNativeTarget section */

/* Begin PBXProject section */
		4725CD161E3953F4002E71C4 /* Project object */ = {
			isa = PBXProject;
			attributes = {
				LastSwiftUpdateCheck = 0820;
				LastUpgradeCheck = 0820;
				ORGANIZATIONNAME = "Sean Melnick Kelly";
				TargetAttributes = {
					4725CD1D1E3953F4002E71C4 = {
						CreatedOnToolsVersion = 8.2.1;
						ProvisioningStyle = Automatic;
					};
					4725CD311E3953F5002E71C4 = {
						CreatedOnToolsVersion = 8.2.1;
						ProvisioningStyle = Automatic;
						TestTargetID = 4725CD1D1E3953F4002E71C4;
					};
					4725CD3C1E3953F5002E71C4 = {
						CreatedOnToolsVersion = 8.2.1;
						ProvisioningStyle = Automatic;
						TestTargetID = 4725CD1D1E3953F4002E71C4;
					};
				};
			};
			buildConfigurationList = 4725CD191E3953F4002E71C4 /* Build configuration list for PBXProject "WorldTrotter" */;
			compatibilityVersion = "Xcode 3.2";
			developmentRegion = English;
			hasScannedForEncodings = 0;
			knownRegions = (
				en,
				Base,
			);
			mainGroup = 4725CD151E3953F4002E71C4;
			productRefGroup = 4725CD1F1E3953F5002E71C4 /* Products */;
			projectDirPath = "";
			projectRoot = "";
			targets = (
				4725CD1D1E3953F4002E71C4 /* WorldTrotter */,
				4725CD311E3953F5002E71C4 /* WorldTrotterTests */,
				4725CD3C1E3953F5002E71C4 /* WorldTrotterUITests */,
			);
		};
/* End PBXProject section */

/* Begin PBXResourcesBuildPhase section */
		4725CD1C1E3953F4002E71C4 /* Resources */ = {
			isa = PBXResourcesBuildPhase;
			buildActionMask = 2147483647;
			files = (
				4725CD2C1E3953F5002E71C4 /* LaunchScreen.storyboard in Resources */,
				4725CD291E3953F5002E71C4 /* Assets.xcassets in Resources */,
				4725CD271E3953F5002E71C4 /* Main.storyboard in Resources */,
			);
			runOnlyForDeploymentPostprocessing = 0;
		};
		4725CD301E3953F5002E71C4 /* Resources */ = {
			isa = PBXResourcesBuildPhase;
			buildActionMask = 2147483647;
			files = (
			);
			runOnlyForDeploymentPostprocessing = 0;
		};
		4725CD3B1E3953F5002E71C4 /* Resources */ = {
			isa = PBXResourcesBuildPhase;
			buildActionMask = 2147483647;
			files = (
			);
			runOnlyForDeploymentPostprocessing = 0;
		};
/* End PBXResourcesBuildPhase section */

/* Begin PBXSourcesBuildPhase section */
		4725CD1A1E3953F4002E71C4 /* Sources */ = {
			isa = PBXSourcesBuildPhase;
			buildActionMask = 2147483647;
			files = (
				4725CD501E39851C002E71C4 /* ConversionViewController.swift in Sources */,
				4751336A1E4B82C7006CF47A /* MapViewController.swift in Sources */,
				46A8099C1E5230F30028766D /* WebViewController.swift in Sources */,
				4725CD221E3953F5002E71C4 /* AppDelegate.swift in Sources */,
			);
			runOnlyForDeploymentPostprocessing = 0;
		};
		4725CD2E1E3953F5002E71C4 /* Sources */ = {
			isa = PBXSourcesBuildPhase;
			buildActionMask = 2147483647;
			files = (
				4725CD371E3953F5002E71C4 /* WorldTrotterTests.swift in Sources */,
			);
			runOnlyForDeploymentPostprocessing = 0;
		};
		4725CD391E3953F5002E71C4 /* Sources */ = {
			isa = PBXSourcesBuildPhase;
			buildActionMask = 2147483647;
			files = (
				4725CD421E3953F5002E71C4 /* WorldTrotterUITests.swift in Sources */,
			);
			runOnlyForDeploymentPostprocessing = 0;
		};
/* End PBXSourcesBuildPhase section */

/* Begin PBXTargetDependency section */
		4725CD341E3953F5002E71C4 /* PBXTargetDependency */ = {
			isa = PBXTargetDependency;
			target = 4725CD1D1E3953F4002E71C4 /* WorldTrotter */;
			targetProxy = 4725CD331E3953F5002E71C4 /* PBXContainerItemProxy */;
		};
		4725CD3F1E3953F5002E71C4 /* PBXTargetDependency */ = {
			isa = PBXTargetDependency;
			target = 4725CD1D1E3953F4002E71C4 /* WorldTrotter */;
			targetProxy = 4725CD3E1E3953F5002E71C4 /* PBXContainerItemProxy */;
		};
/* End PBXTargetDependency section */

/* Begin PBXVariantGroup section */
		4725CD251E3953F5002E71C4 /* Main.storyboard */ = {
			isa = PBXVariantGroup;
			children = (
				4725CD261E3953F5002E71C4 /* Base */,
				473ADC541E63B17D00E0AC7B /* en */,
			);
			name = Main.storyboard;
			sourceTree = "<group>";
		};
		4725CD2A1E3953F5002E71C4 /* LaunchScreen.storyboard */ = {
			isa = PBXVariantGroup;
			children = (
				4725CD2B1E3953F5002E71C4 /* Base */,
			);
			name = LaunchScreen.storyboard;
			sourceTree = "<group>";
		};
/* End PBXVariantGroup section */

/* Begin XCBuildConfiguration section */
		4725CD441E3953F5002E71C4 /* Debug */ = {
			isa = XCBuildConfiguration;
			buildSettings = {
				ALWAYS_SEARCH_USER_PATHS = NO;
				CLANG_ANALYZER_NONNULL = YES;
				CLANG_CXX_LANGUAGE_STANDARD = "gnu++0x";
				CLANG_CXX_LIBRARY = "libc++";
				CLANG_ENABLE_MODULES = YES;
				CLANG_ENABLE_OBJC_ARC = YES;
				CLANG_WARN_BOOL_CONVERSION = YES;
				CLANG_WARN_CONSTANT_CONVERSION = YES;
				CLANG_WARN_DIRECT_OBJC_ISA_USAGE = YES_ERROR;
				CLANG_WARN_DOCUMENTATION_COMMENTS = YES;
				CLANG_WARN_EMPTY_BODY = YES;
				CLANG_WARN_ENUM_CONVERSION = YES;
				CLANG_WARN_INFINITE_RECURSION = YES;
				CLANG_WARN_INT_CONVERSION = YES;
				CLANG_WARN_OBJC_ROOT_CLASS = YES_ERROR;
				CLANG_WARN_SUSPICIOUS_MOVE = YES;
				CLANG_WARN_UNREACHABLE_CODE = YES;
				CLANG_WARN__DUPLICATE_METHOD_MATCH = YES;
				"CODE_SIGN_IDENTITY[sdk=iphoneos*]" = "iPhone Developer";
				COPY_PHASE_STRIP = NO;
				DEBUG_INFORMATION_FORMAT = dwarf;
				ENABLE_STRICT_OBJC_MSGSEND = YES;
				ENABLE_TESTABILITY = YES;
				GCC_C_LANGUAGE_STANDARD = gnu99;
				GCC_DYNAMIC_NO_PIC = NO;
				GCC_NO_COMMON_BLOCKS = YES;
				GCC_OPTIMIZATION_LEVEL = 0;
				GCC_PREPROCESSOR_DEFINITIONS = (
					"DEBUG=1",
					"$(inherited)",
				);
				GCC_WARN_64_TO_32_BIT_CONVERSION = YES;
				GCC_WARN_ABOUT_RETURN_TYPE = YES_ERROR;
				GCC_WARN_UNDECLARED_SELECTOR = YES;
				GCC_WARN_UNINITIALIZED_AUTOS = YES_AGGRESSIVE;
				GCC_WARN_UNUSED_FUNCTION = YES;
				GCC_WARN_UNUSED_VARIABLE = YES;
				IPHONEOS_DEPLOYMENT_TARGET = 10.2;
				MTL_ENABLE_DEBUG_INFO = YES;
				ONLY_ACTIVE_ARCH = YES;
				SDKROOT = iphoneos;
				SWIFT_ACTIVE_COMPILATION_CONDITIONS = DEBUG;
				SWIFT_OPTIMIZATION_LEVEL = "-Onone";
				TARGETED_DEVICE_FAMILY = "1,2";
			};
			name = Debug;
		};
		4725CD451E3953F5002E71C4 /* Release */ = {
			isa = XCBuildConfiguration;
			buildSettings = {
				ALWAYS_SEARCH_USER_PATHS = NO;
				CLANG_ANALYZER_NONNULL = YES;
				CLANG_CXX_LANGUAGE_STANDARD = "gnu++0x";
				CLANG_CXX_LIBRARY = "libc++";
				CLANG_ENABLE_MODULES = YES;
				CLANG_ENABLE_OBJC_ARC = YES;
				CLANG_WARN_BOOL_CONVERSION = YES;
				CLANG_WARN_CONSTANT_CONVERSION = YES;
				CLANG_WARN_DIRECT_OBJC_ISA_USAGE = YES_ERROR;
				CLANG_WARN_DOCUMENTATION_COMMENTS = YES;
				CLANG_WARN_EMPTY_BODY = YES;
				CLANG_WARN_ENUM_CONVERSION = YES;
				CLANG_WARN_INFINITE_RECURSION = YES;
				CLANG_WARN_INT_CONVERSION = YES;
				CLANG_WARN_OBJC_ROOT_CLASS = YES_ERROR;
				CLANG_WARN_SUSPICIOUS_MOVE = YES;
				CLANG_WARN_UNREACHABLE_CODE = YES;
				CLANG_WARN__DUPLICATE_METHOD_MATCH = YES;
				"CODE_SIGN_IDENTITY[sdk=iphoneos*]" = "iPhone Developer";
				COPY_PHASE_STRIP = NO;
				DEBUG_INFORMATION_FORMAT = "dwarf-with-dsym";
				ENABLE_NS_ASSERTIONS = NO;
				ENABLE_STRICT_OBJC_MSGSEND = YES;
				GCC_C_LANGUAGE_STANDARD = gnu99;
				GCC_NO_COMMON_BLOCKS = YES;
				GCC_WARN_64_TO_32_BIT_CONVERSION = YES;
				GCC_WARN_ABOUT_RETURN_TYPE = YES_ERROR;
				GCC_WARN_UNDECLARED_SELECTOR = YES;
				GCC_WARN_UNINITIALIZED_AUTOS = YES_AGGRESSIVE;
				GCC_WARN_UNUSED_FUNCTION = YES;
				GCC_WARN_UNUSED_VARIABLE = YES;
				IPHONEOS_DEPLOYMENT_TARGET = 10.2;
				MTL_ENABLE_DEBUG_INFO = NO;
				SDKROOT = iphoneos;
				SWIFT_OPTIMIZATION_LEVEL = "-Owholemodule";
				TARGETED_DEVICE_FAMILY = "1,2";
				VALIDATE_PRODUCT = YES;
			};
			name = Release;
		};
		4725CD471E3953F5002E71C4 /* Debug */ = {
			isa = XCBuildConfiguration;
			buildSettings = {
				ASSETCATALOG_COMPILER_APPICON_NAME = AppIcon;
				INFOPLIST_FILE = WorldTrotter/Info.plist;
				LD_RUNPATH_SEARCH_PATHS = "$(inherited) @executable_path/Frameworks";
				PRODUCT_BUNDLE_IDENTIFIER = com.seanmelnickkelly.WorldTrotter;
				PRODUCT_NAME = "$(TARGET_NAME)";
				SWIFT_VERSION = 3.0;
			};
			name = Debug;
		};
		4725CD481E3953F5002E71C4 /* Release */ = {
			isa = XCBuildConfiguration;
			buildSettings = {
				ASSETCATALOG_COMPILER_APPICON_NAME = AppIcon;
				INFOPLIST_FILE = WorldTrotter/Info.plist;
				LD_RUNPATH_SEARCH_PATHS = "$(inherited) @executable_path/Frameworks";
				PRODUCT_BUNDLE_IDENTIFIER = com.seanmelnickkelly.WorldTrotter;
				PRODUCT_NAME = "$(TARGET_NAME)";
				SWIFT_VERSION = 3.0;
			};
			name = Release;
		};
		4725CD4A1E3953F5002E71C4 /* Debug */ = {
			isa = XCBuildConfiguration;
			buildSettings = {
				ALWAYS_EMBED_SWIFT_STANDARD_LIBRARIES = YES;
				BUNDLE_LOADER = "$(TEST_HOST)";
				INFOPLIST_FILE = WorldTrotterTests/Info.plist;
				LD_RUNPATH_SEARCH_PATHS = "$(inherited) @executable_path/Frameworks @loader_path/Frameworks";
				PRODUCT_BUNDLE_IDENTIFIER = com.seanmelnickkelly.WorldTrotterTests;
				PRODUCT_NAME = "$(TARGET_NAME)";
				SWIFT_VERSION = 3.0;
				TEST_HOST = "$(BUILT_PRODUCTS_DIR)/WorldTrotter.app/WorldTrotter";
			};
			name = Debug;
		};
		4725CD4B1E3953F5002E71C4 /* Release */ = {
			isa = XCBuildConfiguration;
			buildSettings = {
				ALWAYS_EMBED_SWIFT_STANDARD_LIBRARIES = YES;
				BUNDLE_LOADER = "$(TEST_HOST)";
				INFOPLIST_FILE = WorldTrotterTests/Info.plist;
				LD_RUNPATH_SEARCH_PATHS = "$(inherited) @executable_path/Frameworks @loader_path/Frameworks";
				PRODUCT_BUNDLE_IDENTIFIER = com.seanmelnickkelly.WorldTrotterTests;
				PRODUCT_NAME = "$(TARGET_NAME)";
				SWIFT_VERSION = 3.0;
				TEST_HOST = "$(BUILT_PRODUCTS_DIR)/WorldTrotter.app/WorldTrotter";
			};
			name = Release;
		};
		4725CD4D1E3953F5002E71C4 /* Debug */ = {
			isa = XCBuildConfiguration;
			buildSettings = {
				ALWAYS_EMBED_SWIFT_STANDARD_LIBRARIES = YES;
				INFOPLIST_FILE = WorldTrotterUITests/Info.plist;
				LD_RUNPATH_SEARCH_PATHS = "$(inherited) @executable_path/Frameworks @loader_path/Frameworks";
				PRODUCT_BUNDLE_IDENTIFIER = com.seanmelnickkelly.WorldTrotterUITests;
				PRODUCT_NAME = "$(TARGET_NAME)";
				SWIFT_VERSION = 3.0;
				TEST_TARGET_NAME = WorldTrotter;
			};
			name = Debug;
		};
		4725CD4E1E3953F5002E71C4 /* Release */ = {
			isa = XCBuildConfiguration;
			buildSettings = {
				ALWAYS_EMBED_SWIFT_STANDARD_LIBRARIES = YES;
				INFOPLIST_FILE = WorldTrotterUITests/Info.plist;
				LD_RUNPATH_SEARCH_PATHS = "$(inherited) @executable_path/Frameworks @loader_path/Frameworks";
				PRODUCT_BUNDLE_IDENTIFIER = com.seanmelnickkelly.WorldTrotterUITests;
				PRODUCT_NAME = "$(TARGET_NAME)";
				SWIFT_VERSION = 3.0;
				TEST_TARGET_NAME = WorldTrotter;
			};
			name = Release;
		};
/* End XCBuildConfiguration section */

/* Begin XCConfigurationList section */
		4725CD191E3953F4002E71C4 /* Build configuration list for PBXProject "WorldTrotter" */ = {
			isa = XCConfigurationList;
			buildConfigurations = (
				4725CD441E3953F5002E71C4 /* Debug */,
				4725CD451E3953F5002E71C4 /* Release */,
			);
			defaultConfigurationIsVisible = 0;
			defaultConfigurationName = Release;
		};
		4725CD461E3953F5002E71C4 /* Build configuration list for PBXNativeTarget "WorldTrotter" */ = {
			isa = XCConfigurationList;
			buildConfigurations = (
				4725CD471E3953F5002E71C4 /* Debug */,
				4725CD481E3953F5002E71C4 /* Release */,
			);
			defaultConfigurationIsVisible = 0;
			defaultConfigurationName = Release;
		};
		4725CD491E3953F5002E71C4 /* Build configuration list for PBXNativeTarget "WorldTrotterTests" */ = {
			isa = XCConfigurationList;
			buildConfigurations = (
				4725CD4A1E3953F5002E71C4 /* Debug */,
				4725CD4B1E3953F5002E71C4 /* Release */,
			);
			defaultConfigurationIsVisible = 0;
			defaultConfigurationName = Release;
		};
		4725CD4C1E3953F5002E71C4 /* Build configuration list for PBXNativeTarget "WorldTrotterUITests" */ = {
			isa = XCConfigurationList;
			buildConfigurations = (
				4725CD4D1E3953F5002E71C4 /* Debug */,
				4725CD4E1E3953F5002E71C4 /* Release */,
			);
			defaultConfigurationIsVisible = 0;
			defaultConfigurationName = Release;
		};
/* End XCConfigurationList section */
	};
	rootObject = 4725CD161E3953F4002E71C4 /* Project object */;
}
